
Microsoft Visual Studio Solution File, Format Version 12.00
# Visual Studio Version 16
VisualStudioVersion = 16.0.29806.167
MinimumVisualStudioVersion = 10.0.40219.1
Project("{F184B08F-C81C-45F6-A57F-5ABD9991F28F}") = "Main", "Main\Main.vbproj", "{BAB264A8-8A41-4206-95BB-EBBD540D22B3}"
EndProject
Global
	GlobalSection(SolutionConfigurationPlatforms) = preSolution
		Debug|Any CPU = Debug|Any CPU
		Release|Any CPU = Release|Any CPU
	EndGlobalSection
	GlobalSection(ProjectConfigurationPlatforms) = postSolution
		{BAB264A8-8A41-4206-95BB-EBBD540D22B3}.Debug|Any CPU.ActiveCfg = Debug|Any CPU
		{BAB264A8-8A41-4206-95BB-EBBD540D22B3}.Debug|Any CPU.Build.0 = Debug|Any CPU
		{BAB264A8-8A41-4206-95BB-EBBD540D22B3}.Release|Any CPU.ActiveCfg = Release|Any CPU
		{BAB264A8-8A41-4206-95BB-EBBD540D22B3}.Release|Any CPU.Build.0 = Release|Any CPU
	EndGlobalSection
	GlobalSection(SolutionProperties) = preSolution
		HideSolutionNode = FALSE
	EndGlobalSection
	GlobalSection(ExtensibilityGlobals) = postSolution
		SolutionGuid = {9ABE19D9-3FD6-4F6B-A84F-3DDE324883CF}
	EndGlobalSection
EndGlobal
